
Microsoft Visual Studio Solution File, Format Version 12.00
Project("{FAE04EC0-301F-11D3-BF4B-00C04F79EFBC}") = "C-Sharp-Task7", "C-Sharp-Task7.csproj", "{8C31E532-6AFB-41A0-9C3E-B54B5DA2A228}"
EndProject
Global
	GlobalSection(SolutionConfigurationPlatforms) = preSolution
		Debug|Any CPU = Debug|Any CPU
		Release|Any CPU = Release|Any CPU
	EndGlobalSection
	GlobalSection(ProjectConfigurationPlatforms) = postSolution
		{8C31E532-6AFB-41A0-9C3E-B54B5DA2A228}.Debug|Any CPU.ActiveCfg = Debug|Any CPU
		{8C31E532-6AFB-41A0-9C3E-B54B5DA2A228}.Debug|Any CPU.Build.0 = Debug|Any CPU
		{8C31E532-6AFB-41A0-9C3E-B54B5DA2A228}.Release|Any CPU.ActiveCfg = Release|Any CPU
		{8C31E532-6AFB-41A0-9C3E-B54B5DA2A228}.Release|Any CPU.Build.0 = Release|Any CPU
	EndGlobalSection
EndGlobal
